
Microsoft Visual Studio Solution File, Format Version 12.00
# Visual Studio Version 17
VisualStudioVersion = 17.0.32014.148
MinimumVisualStudioVersion = 10.0.40219.1
Project("{FAE04EC0-301F-11D3-BF4B-00C04F79EFBC}") = "WFA_BuildLink", "WFA_BuildLink\WFA_BuildLink.csproj", "{35D6594A-D3D4-4832-8456-9F090A9892DE}"
EndProject
Global
	GlobalSection(SolutionConfigurationPlatforms) = preSolution
		Debug|Any CPU = Debug|Any CPU
		Release|Any CPU = Release|Any CPU
	EndGlobalSection
	GlobalSection(ProjectConfigurationPlatforms) = postSolution
		{35D6594A-D3D4-4832-8456-9F090A9892DE}.Debug|Any CPU.ActiveCfg = Debug|Any CPU
		{35D6594A-D3D4-4832-8456-9F090A9892DE}.Debug|Any CPU.Build.0 = Debug|Any CPU
		{35D6594A-D3D4-4832-8456-9F090A9892DE}.Release|Any CPU.ActiveCfg = Release|Any CPU
		{35D6594A-D3D4-4832-8456-9F090A9892DE}.Release|Any CPU.Build.0 = Release|Any CPU
	EndGlobalSection
	GlobalSection(SolutionProperties) = preSolution
		HideSolutionNode = FALSE
	EndGlobalSection
	GlobalSection(ExtensibilityGlobals) = postSolution
		SolutionGuid = {1F2D3ED4-A6E5-416A-A7BD-986060079A67}
	EndGlobalSection
EndGlobal
